
Microsoft Visual Studio Solution File, Format Version 12.00
# Visual Studio Version 17
VisualStudioVersion = 17.5.2.0
MinimumVisualStudioVersion = 10.0.40219.1
Project("{FAE04EC0-301F-11D3-BF4B-00C04F79EFBC}") = "DiaryPortfolio.Api", "DiaryPortfolio.Api\DiaryPortfolio.Api.csproj", "{FD200718-9357-BA40-21AE-06EE9ED7C85E}"
EndProject
Project("{FAE04EC0-301F-11D3-BF4B-00C04F79EFBC}") = "DiaryPortfolio.Application", "DiaryPortfolio.Application\DiaryPortfolio.Application.csproj", "{792DDD75-48C0-49E4-A14C-EBDF42E609AF}"
EndProject
Project("{FAE04EC0-301F-11D3-BF4B-00C04F79EFBC}") = "DiaryPortfolio.Infrastructure", "DiaryPortfolio.Infrastructure\DiaryPortfolio.Infrastructure.csproj", "{F6215B31-E2C1-4E34-A4CF-55F733CFE16E}"
EndProject
Project("{FAE04EC0-301F-11D3-BF4B-00C04F79EFBC}") = "DiaryPortfolio.Domain", "DiaryPortfolio.Domain\DiaryPortfolio.Domain.csproj", "{A670DCEB-BECD-42A8-AD3B-409919B41D29}"
EndProject
Global
	GlobalSection(SolutionConfigurationPlatforms) = preSolution
		Debug|Any CPU = Debug|Any CPU
		Debug|x64 = Debug|x64
		Debug|x86 = Debug|x86
		Release|Any CPU = Release|Any CPU
		Release|x64 = Release|x64
		Release|x86 = Release|x86
	EndGlobalSection
	GlobalSection(ProjectConfigurationPlatforms) = postSolution
		{FD200718-9357-BA40-21AE-06EE9ED7C85E}.Debug|Any CPU.ActiveCfg = Debug|Any CPU
		{FD200718-9357-BA40-21AE-06EE9ED7C85E}.Debug|Any CPU.Build.0 = Debug|Any CPU
		{FD200718-9357-BA40-21AE-06EE9ED7C85E}.Debug|x64.ActiveCfg = Debug|Any CPU
		{FD200718-9357-BA40-21AE-06EE9ED7C85E}.Debug|x64.Build.0 = Debug|Any CPU
		{FD200718-9357-BA40-21AE-06EE9ED7C85E}.Debug|x86.ActiveCfg = Debug|Any CPU
		{FD200718-9357-BA40-21AE-06EE9ED7C85E}.Debug|x86.Build.0 = Debug|Any CPU
		{FD200718-9357-BA40-21AE-06EE9ED7C85E}.Release|Any CPU.ActiveCfg = Release|Any CPU
		{FD200718-9357-BA40-21AE-06EE9ED7C85E}.Release|Any CPU.Build.0 = Release|Any CPU
		{FD200718-9357-BA40-21AE-06EE9ED7C85E}.Release|x64.ActiveCfg = Release|Any CPU
		{FD200718-9357-BA40-21AE-06EE9ED7C85E}.Release|x64.Build.0 = Release|Any CPU
		{FD200718-9357-BA40-21AE-06EE9ED7C85E}.Release|x86.ActiveCfg = Release|Any CPU
		{FD200718-9357-BA40-21AE-06EE9ED7C85E}.Release|x86.Build.0 = Release|Any CPU
		{792DDD75-48C0-49E4-A14C-EBDF42E609AF}.Debug|Any CPU.ActiveCfg = Debug|Any CPU
		{792DDD75-48C0-49E4-A14C-EBDF42E609AF}.Debug|Any CPU.Build.0 = Debug|Any CPU
		{792DDD75-48C0-49E4-A14C-EBDF42E609AF}.Debug|x64.ActiveCfg = Debug|Any CPU
		{792DDD75-48C0-49E4-A14C-EBDF42E609AF}.Debug|x64.Build.0 = Debug|Any CPU
		{792DDD75-48C0-49E4-A14C-EBDF42E609AF}.Debug|x86.ActiveCfg = Debug|Any CPU
		{792DDD75-48C0-49E4-A14C-EBDF42E609AF}.Debug|x86.Build.0 = Debug|Any CPU
		{792DDD75-48C0-49E4-A14C-EBDF42E609AF}.Release|Any CPU.ActiveCfg = Release|Any CPU
		{792DDD75-48C0-49E4-A14C-EBDF42E609AF}.Release|Any CPU.Build.0 = Release|Any CPU
		{792DDD75-48C0-49E4-A14C-EBDF42E609AF}.Release|x64.ActiveCfg = Release|Any CPU
		{792DDD75-48C0-49E4-A14C-EBDF42E609AF}.Release|x64.Build.0 = Release|Any CPU
		{792DDD75-48C0-49E4-A14C-EBDF42E609AF}.Release|x86.ActiveCfg = Release|Any CPU
		{792DDD75-48C0-49E4-A14C-EBDF42E609AF}.Release|x86.Build.0 = Release|Any CPU
		{F6215B31-E2C1-4E34-A4CF-55F733CFE16E}.Debug|Any CPU.ActiveCfg = Debug|Any CPU
		{F6215B31-E2C1-4E34-A4CF-55F733CFE16E}.Debug|Any CPU.Build.0 = Debug|Any CPU
		{F6215B31-E2C1-4E34-A4CF-55F733CFE16E}.Debug|x64.ActiveCfg = Debug|Any CPU
		{F6215B31-E2C1-4E34-A4CF-55F733CFE16E}.Debug|x64.Build.0 = Debug|Any CPU
		{F6215B31-E2C1-4E34-A4CF-55F733CFE16E}.Debug|x86.ActiveCfg = Debug|Any CPU
		{F6215B31-E2C1-4E34-A4CF-55F733CFE16E}.Debug|x86.Build.0 = Debug|Any CPU
		{F6215B31-E2C1-4E34-A4CF-55F733CFE16E}.Release|Any CPU.ActiveCfg = Release|Any CPU
		{F6215B31-E2C1-4E34-A4CF-55F733CFE16E}.Release|Any CPU.Build.0 = Release|Any CPU
		{F6215B31-E2C1-4E34-A4CF-55F733CFE16E}.Release|x64.ActiveCfg = Release|Any CPU
		{F6215B31-E2C1-4E34-A4CF-55F733CFE16E}.Release|x64.Build.0 = Release|Any CPU
		{F6215B31-E2C1-4E34-A4CF-55F733CFE16E}.Release|x86.ActiveCfg = Release|Any CPU
		{F6215B31-E2C1-4E34-A4CF-55F733CFE16E}.Release|x86.Build.0 = Release|Any CPU
		{A670DCEB-BECD-42A8-AD3B-409919B41D29}.Debug|Any CPU.ActiveCfg = Debug|Any CPU
		{A670DCEB-BECD-42A8-AD3B-409919B41D29}.Debug|Any CPU.Build.0 = Debug|Any CPU
		{A670DCEB-BECD-42A8-AD3B-409919B41D29}.Debug|x64.ActiveCfg = Debug|Any CPU
		{A670DCEB-BECD-42A8-AD3B-409919B41D29}.Debug|x64.Build.0 = Debug|Any CPU
		{A670DCEB-BECD-42A8-AD3B-409919B41D29}.Debug|x86.ActiveCfg = Debug|Any CPU
		{A670DCEB-BECD-42A8-AD3B-409919B41D29}.Debug|x86.Build.0 = Debug|Any CPU
		{A670DCEB-BECD-42A8-AD3B-409919B41D29}.Release|Any CPU.ActiveCfg = Release|Any CPU
		{A670DCEB-BECD-42A8-AD3B-409919B41D29}.Release|Any CPU.Build.0 = Release|Any CPU
		{A670DCEB-BECD-42A8-AD3B-409919B41D29}.Release|x64.ActiveCfg = Release|Any CPU
		{A670DCEB-BECD-42A8-AD3B-409919B41D29}.Release|x64.Build.0 = Release|Any CPU
		{A670DCEB-BECD-42A8-AD3B-409919B41D29}.Release|x86.ActiveCfg = Release|Any CPU
		{A670DCEB-BECD-42A8-AD3B-409919B41D29}.Release|x86.Build.0 = Release|Any CPU
	EndGlobalSection
	GlobalSection(SolutionProperties) = preSolution
		HideSolutionNode = FALSE
	EndGlobalSection
	GlobalSection(ExtensibilityGlobals) = postSolution
		SolutionGuid = {FA5FB9C7-29EA-4A4C-8B3C-440EA5D152A9}
	EndGlobalSection
EndGlobal
